// !$*UTF8*$!
{
	archiveVersion = 1;
	classes = {
	};
	objectVersion = 50;
	objects = {

/* Begin PBXBuildFile section */
		44F68990B2E5C3C1D6DE0F71 /* Pods_HowlTalkCopyUITests.framework in Frameworks */ = {isa = PBXBuildFile; fileRef = 83D2F5D473407509ECBFFCE0 /* Pods_HowlTalkCopyUITests.framework */; };
		4D01E439209A145200FEDF07 /* AppDelegate.swift in Sources */ = {isa = PBXBuildFile; fileRef = 4D01E438209A145200FEDF07 /* AppDelegate.swift */; };
		4D01E43B209A145200FEDF07 /* ViewController.swift in Sources */ = {isa = PBXBuildFile; fileRef = 4D01E43A209A145200FEDF07 /* ViewController.swift */; };
		4D01E43E209A145200FEDF07 /* Main.storyboard in Resources */ = {isa = PBXBuildFile; fileRef = 4D01E43C209A145200FEDF07 /* Main.storyboard */; };
		4D01E440209A145200FEDF07 /* Assets.xcassets in Resources */ = {isa = PBXBuildFile; fileRef = 4D01E43F209A145200FEDF07 /* Assets.xcassets */; };
		4D01E443209A145200FEDF07 /* LaunchScreen.storyboard in Resources */ = {isa = PBXBuildFile; fileRef = 4D01E441209A145200FEDF07 /* LaunchScreen.storyboard */; };
		4D01E44E209A145300FEDF07 /* HowlTalkCopyTests.swift in Sources */ = {isa = PBXBuildFile; fileRef = 4D01E44D209A145300FEDF07 /* HowlTalkCopyTests.swift */; };
		4D01E459209A145300FEDF07 /* HowlTalkCopyUITests.swift in Sources */ = {isa = PBXBuildFile; fileRef = 4D01E458209A145300FEDF07 /* HowlTalkCopyUITests.swift */; };
		4D01E467209A14CB00FEDF07 /* GoogleService-Info.plist in Resources */ = {isa = PBXBuildFile; fileRef = 4D01E466209A14CB00FEDF07 /* GoogleService-Info.plist */; };
		4DF8C82A209A1844008F3FDD /* HowlTalkCopy+UIColor.swift in Sources */ = {isa = PBXBuildFile; fileRef = 4DF8C829209A1844008F3FDD /* HowlTalkCopy+UIColor.swift */; };
		4DF8C82C209A196C008F3FDD /* RemoteConfigDefaults.plist in Resources */ = {isa = PBXBuildFile; fileRef = 4DF8C82B209A196C008F3FDD /* RemoteConfigDefaults.plist */; };
		523BB6A198825159EC8A5FC3 /* Pods_HowlTalkCopyTests.framework in Frameworks */ = {isa = PBXBuildFile; fileRef = 79798424899C043490BD4A52 /* Pods_HowlTalkCopyTests.framework */; };
		788E416EA50F22D657E86402 /* Pods_HowlTalkCopy.framework in Frameworks */ = {isa = PBXBuildFile; fileRef = 808C377425734388843F0E7A /* Pods_HowlTalkCopy.framework */; };
/* End PBXBuildFile section */

/* Begin PBXContainerItemProxy section */
		4D01E44A209A145200FEDF07 /* PBXContainerItemProxy */ = {
			isa = PBXContainerItemProxy;
			containerPortal = 4D01E42D209A145200FEDF07 /* Project object */;
			proxyType = 1;
			remoteGlobalIDString = 4D01E434209A145200FEDF07;
			remoteInfo = HowlTalkCopy;
		};
		4D01E455209A145300FEDF07 /* PBXContainerItemProxy */ = {
			isa = PBXContainerItemProxy;
			containerPortal = 4D01E42D209A145200FEDF07 /* Project object */;
			proxyType = 1;
			remoteGlobalIDString = 4D01E434209A145200FEDF07;
			remoteInfo = HowlTalkCopy;
		};
/* End PBXContainerItemProxy section */

/* Begin PBXFileReference section */
		4B5273BF0FAE0DE74A71C951 /* Pods-HowlTalkCopyUITests.debug.xcconfig */ = {isa = PBXFileReference; includeInIndex = 1; lastKnownFileType = text.xcconfig; name = "Pods-HowlTalkCopyUITests.debug.xcconfig"; path = "Pods/Target Support Files/Pods-HowlTalkCopyUITests/Pods-HowlTalkCopyUITests.debug.xcconfig"; sourceTree = "<group>"; };
		4D01E435209A145200FEDF07 /* HowlTalkCopy.app */ = {isa = PBXFileReference; explicitFileType = wrapper.application; includeInIndex = 0; path = HowlTalkCopy.app; sourceTree = BUILT_PRODUCTS_DIR; };
		4D01E438209A145200FEDF07 /* AppDelegate.swift */ = {isa = PBXFileReference; lastKnownFileType = sourcecode.swift; path = AppDelegate.swift; sourceTree = "<group>"; };
		4D01E43A209A145200FEDF07 /* ViewController.swift */ = {isa = PBXFileReference; lastKnownFileType = sourcecode.swift; path = ViewController.swift; sourceTree = "<group>"; };
		4D01E43D209A145200FEDF07 /* Base */ = {isa = PBXFileReference; lastKnownFileType = file.storyboard; name = Base; path = Base.lproj/Main.storyboard; sourceTree = "<group>"; };
		4D01E43F209A145200FEDF07 /* Assets.xcassets */ = {isa = PBXFileReference; lastKnownFileType = folder.assetcatalog; path = Assets.xcassets; sourceTree = "<group>"; };
		4D01E442209A145200FEDF07 /* Base */ = {isa = PBXFileReference; lastKnownFileType = file.storyboard; name = Base; path = Base.lproj/LaunchScreen.storyboard; sourceTree = "<group>"; };
		4D01E444209A145200FEDF07 /* Info.plist */ = {isa = PBXFileReference; lastKnownFileType = text.plist.xml; path = Info.plist; sourceTree = "<group>"; };
		4D01E449209A145200FEDF07 /* HowlTalkCopyTests.xctest */ = {isa = PBXFileReference; explicitFileType = wrapper.cfbundle; includeInIndex = 0; path = HowlTalkCopyTests.xctest; sourceTree = BUILT_PRODUCTS_DIR; };
		4D01E44D209A145300FEDF07 /* HowlTalkCopyTests.swift */ = {isa = PBXFileReference; lastKnownFileType = sourcecode.swift; path = HowlTalkCopyTests.swift; sourceTree = "<group>"; };
		4D01E44F209A145300FEDF07 /* Info.plist */ = {isa = PBXFileReference; lastKnownFileType = text.plist.xml; path = Info.plist; sourceTree = "<group>"; };
		4D01E454209A145300FEDF07 /* HowlTalkCopyUITests.xctest */ = {isa = PBXFileReference; explicitFileType = wrapper.cfbundle; includeInIndex = 0; path = HowlTalkCopyUITests.xctest; sourceTree = BUILT_PRODUCTS_DIR; };
		4D01E458209A145300FEDF07 /* HowlTalkCopyUITests.swift */ = {isa = PBXFileReference; lastKnownFileType = sourcecode.swift; path = HowlTalkCopyUITests.swift; sourceTree = "<group>"; };
		4D01E45A209A145300FEDF07 /* Info.plist */ = {isa = PBXFileReference; lastKnownFileType = text.plist.xml; path = Info.plist; sourceTree = "<group>"; };
		4D01E466209A14CB00FEDF07 /* GoogleService-Info.plist */ = {isa = PBXFileReference; fileEncoding = 4; lastKnownFileType = text.plist.xml; path = "GoogleService-Info.plist"; sourceTree = "<group>"; };
		4DF8C829209A1844008F3FDD /* HowlTalkCopy+UIColor.swift */ = {isa = PBXFileReference; lastKnownFileType = sourcecode.swift; path = "HowlTalkCopy+UIColor.swift"; sourceTree = "<group>"; };
		4DF8C82B209A196C008F3FDD /* RemoteConfigDefaults.plist */ = {isa = PBXFileReference; lastKnownFileType = text.plist.xml; path = RemoteConfigDefaults.plist; sourceTree = "<group>"; };
		551BB9205A8CFCF8C0BDC1BA /* Pods-HowlTalkCopy.release.xcconfig */ = {isa = PBXFileReference; includeInIndex = 1; lastKnownFileType = text.xcconfig; name = "Pods-HowlTalkCopy.release.xcconfig"; path = "Pods/Target Support Files/Pods-HowlTalkCopy/Pods-HowlTalkCopy.release.xcconfig"; sourceTree = "<group>"; };
		630D45B6CF87463B5F0968DB /* Pods-HowlTalkCopyTests.debug.xcconfig */ = {isa = PBXFileReference; includeInIndex = 1; lastKnownFileType = text.xcconfig; name = "Pods-HowlTalkCopyTests.debug.xcconfig"; path = "Pods/Target Support Files/Pods-HowlTalkCopyTests/Pods-HowlTalkCopyTests.debug.xcconfig"; sourceTree = "<group>"; };
		79798424899C043490BD4A52 /* Pods_HowlTalkCopyTests.framework */ = {isa = PBXFileReference; explicitFileType = wrapper.framework; includeInIndex = 0; path = Pods_HowlTalkCopyTests.framework; sourceTree = BUILT_PRODUCTS_DIR; };
		808C377425734388843F0E7A /* Pods_HowlTalkCopy.framework */ = {isa = PBXFileReference; explicitFileType = wrapper.framework; includeInIndex = 0; path = Pods_HowlTalkCopy.framework; sourceTree = BUILT_PRODUCTS_DIR; };
		83D2F5D473407509ECBFFCE0 /* Pods_HowlTalkCopyUITests.framework */ = {isa = PBXFileReference; explicitFileType = wrapper.framework; includeInIndex = 0; path = Pods_HowlTalkCopyUITests.framework; sourceTree = BUILT_PRODUCTS_DIR; };
		995D65B2542E9408E528AAC9 /* Pods-HowlTalkCopyTests.release.xcconfig */ = {isa = PBXFileReference; includeInIndex = 1; lastKnownFileType = text.xcconfig; name = "Pods-HowlTalkCopyTests.release.xcconfig"; path = "Pods/Target Support Files/Pods-HowlTalkCopyTests/Pods-HowlTalkCopyTests.release.xcconfig"; sourceTree = "<group>"; };
		C8BBFF61389562C6FC8B1604 /* Pods-HowlTalkCopyUITests.release.xcconfig */ = {isa = PBXFileReference; includeInIndex = 1; lastKnownFileType = text.xcconfig; name = "Pods-HowlTalkCopyUITests.release.xcconfig"; path = "Pods/Target Support Files/Pods-HowlTalkCopyUITests/Pods-HowlTalkCopyUITests.release.xcconfig"; sourceTree = "<group>"; };
		CAF2409B712259D43D80445B /* Pods-HowlTalkCopy.debug.xcconfig */ = {isa = PBXFileReference; includeInIndex = 1; lastKnownFileType = text.xcconfig; name = "Pods-HowlTalkCopy.debug.xcconfig"; path = "Pods/Target Support Files/Pods-HowlTalkCopy/Pods-HowlTalkCopy.debug.xcconfig"; sourceTree = "<group>"; };
/* End PBXFileReference section */

/* Begin PBXFrameworksBuildPhase section */
		4D01E432209A145200FEDF07 /* Frameworks */ = {
			isa = PBXFrameworksBuildPhase;
			buildActionMask = 2147483647;
			files = (
				788E416EA50F22D657E86402 /* Pods_HowlTalkCopy.framework in Frameworks */,
			);
			runOnlyForDeploymentPostprocessing = 0;
		};
		4D01E446209A145200FEDF07 /* Frameworks */ = {
			isa = PBXFrameworksBuildPhase;
			buildActionMask = 2147483647;
			files = (
				523BB6A198825159EC8A5FC3 /* Pods_HowlTalkCopyTests.framework in Frameworks */,
			);
			runOnlyForDeploymentPostprocessing = 0;
		};
		4D01E451209A145300FEDF07 /* Frameworks */ = {
			isa = PBXFrameworksBuildPhase;
			buildActionMask = 2147483647;
			files = (
				44F68990B2E5C3C1D6DE0F71 /* Pods_HowlTalkCopyUITests.framework in Frameworks */,
			);
			runOnlyForDeploymentPostprocessing = 0;
		};
/* End PBXFrameworksBuildPhase section */

/* Begin PBXGroup section */
		4D01E42C209A145200FEDF07 = {
			isa = PBXGroup;
			children = (
				4D01E437209A145200FEDF07 /* HowlTalkCopy */,
				4D01E44C209A145200FEDF07 /* HowlTalkCopyTests */,
				4D01E457209A145300FEDF07 /* HowlTalkCopyUITests */,
				4D01E436209A145200FEDF07 /* Products */,
				AA8C78C21C85ACD4A50B42BF /* Pods */,
				5F842A1A5BF2F1DF3E756F21 /* Frameworks */,
			);
			sourceTree = "<group>";
		};
		4D01E436209A145200FEDF07 /* Products */ = {
			isa = PBXGroup;
			children = (
				4D01E435209A145200FEDF07 /* HowlTalkCopy.app */,
				4D01E449209A145200FEDF07 /* HowlTalkCopyTests.xctest */,
				4D01E454209A145300FEDF07 /* HowlTalkCopyUITests.xctest */,
			);
			name = Products;
			sourceTree = "<group>";
		};
		4D01E437209A145200FEDF07 /* HowlTalkCopy */ = {
			isa = PBXGroup;
			children = (
				4DF8C828209A1829008F3FDD /* extension */,
				4D01E438209A145200FEDF07 /* AppDelegate.swift */,
				4D01E43A209A145200FEDF07 /* ViewController.swift */,
				4D01E43C209A145200FEDF07 /* Main.storyboard */,
				4D01E43F209A145200FEDF07 /* Assets.xcassets */,
				4D01E441209A145200FEDF07 /* LaunchScreen.storyboard */,
				4D01E466209A14CB00FEDF07 /* GoogleService-Info.plist */,
				4D01E444209A145200FEDF07 /* Info.plist */,
				4DF8C82B209A196C008F3FDD /* RemoteConfigDefaults.plist */,
			);
			path = HowlTalkCopy;
			sourceTree = "<group>";
		};
		4D01E44C209A145200FEDF07 /* HowlTalkCopyTests */ = {
			isa = PBXGroup;
			children = (
				4D01E44D209A145300FEDF07 /* HowlTalkCopyTests.swift */,
				4D01E44F209A145300FEDF07 /* Info.plist */,
			);
			path = HowlTalkCopyTests;
			sourceTree = "<group>";
		};
		4D01E457209A145300FEDF07 /* HowlTalkCopyUITests */ = {
			isa = PBXGroup;
			children = (
				4D01E458209A145300FEDF07 /* HowlTalkCopyUITests.swift */,
				4D01E45A209A145300FEDF07 /* Info.plist */,
			);
			path = HowlTalkCopyUITests;
			sourceTree = "<group>";
		};
		4DF8C828209A1829008F3FDD /* extension */ = {
			isa = PBXGroup;
			children = (
				4DF8C829209A1844008F3FDD /* HowlTalkCopy+UIColor.swift */,
			);
			name = extension;
			sourceTree = "<group>";
		};
		5F842A1A5BF2F1DF3E756F21 /* Frameworks */ = {
			isa = PBXGroup;
			children = (
				808C377425734388843F0E7A /* Pods_HowlTalkCopy.framework */,
				79798424899C043490BD4A52 /* Pods_HowlTalkCopyTests.framework */,
				83D2F5D473407509ECBFFCE0 /* Pods_HowlTalkCopyUITests.framework */,
			);
			name = Frameworks;
			sourceTree = "<group>";
		};
		AA8C78C21C85ACD4A50B42BF /* Pods */ = {
			isa = PBXGroup;
			children = (
				CAF2409B712259D43D80445B /* Pods-HowlTalkCopy.debug.xcconfig */,
				551BB9205A8CFCF8C0BDC1BA /* Pods-HowlTalkCopy.release.xcconfig */,
				630D45B6CF87463B5F0968DB /* Pods-HowlTalkCopyTests.debug.xcconfig */,
				995D65B2542E9408E528AAC9 /* Pods-HowlTalkCopyTests.release.xcconfig */,
				4B5273BF0FAE0DE74A71C951 /* Pods-HowlTalkCopyUITests.debug.xcconfig */,
				C8BBFF61389562C6FC8B1604 /* Pods-HowlTalkCopyUITests.release.xcconfig */,
			);
			name = Pods;
			sourceTree = "<group>";
		};
/* End PBXGroup section */

/* Begin PBXNativeTarget section */
		4D01E434209A145200FEDF07 /* HowlTalkCopy */ = {
			isa = PBXNativeTarget;
			buildConfigurationList = 4D01E45D209A145300FEDF07 /* Build configuration list for PBXNativeTarget "HowlTalkCopy" */;
			buildPhases = (
				B22487A15EAACF7DF80114ED /* [CP] Check Pods Manifest.lock */,
				4D01E431209A145200FEDF07 /* Sources */,
				4D01E432209A145200FEDF07 /* Frameworks */,
				4D01E433209A145200FEDF07 /* Resources */,
				938949C59616B27A38F5A78C /* [CP] Embed Pods Frameworks */,
			);
			buildRules = (
			);
			dependencies = (
			);
			name = HowlTalkCopy;
			productName = HowlTalkCopy;
			productReference = 4D01E435209A145200FEDF07 /* HowlTalkCopy.app */;
			productType = "com.apple.product-type.application";
		};
		4D01E448209A145200FEDF07 /* HowlTalkCopyTests */ = {
			isa = PBXNativeTarget;
			buildConfigurationList = 4D01E460209A145300FEDF07 /* Build configuration list for PBXNativeTarget "HowlTalkCopyTests" */;
			buildPhases = (
				80F06216BCE0316A21511331 /* [CP] Check Pods Manifest.lock */,
				4D01E445209A145200FEDF07 /* Sources */,
				4D01E446209A145200FEDF07 /* Frameworks */,
				4D01E447209A145200FEDF07 /* Resources */,
			);
			buildRules = (
			);
			dependencies = (
				4D01E44B209A145200FEDF07 /* PBXTargetDependency */,
			);
			name = HowlTalkCopyTests;
			productName = HowlTalkCopyTests;
			productReference = 4D01E449209A145200FEDF07 /* HowlTalkCopyTests.xctest */;
			productType = "com.apple.product-type.bundle.unit-test";
		};
		4D01E453209A145300FEDF07 /* HowlTalkCopyUITests */ = {
			isa = PBXNativeTarget;
			buildConfigurationList = 4D01E463209A145300FEDF07 /* Build configuration list for PBXNativeTarget "HowlTalkCopyUITests" */;
			buildPhases = (
				E96D9B5E6F5873FA2F013D0F /* [CP] Check Pods Manifest.lock */,
				4D01E450209A145300FEDF07 /* Sources */,
				4D01E451209A145300FEDF07 /* Frameworks */,
				4D01E452209A145300FEDF07 /* Resources */,
			);
			buildRules = (
			);
			dependencies = (
				4D01E456209A145300FEDF07 /* PBXTargetDependency */,
			);
			name = HowlTalkCopyUITests;
			productName = HowlTalkCopyUITests;
			productReference = 4D01E454209A145300FEDF07 /* HowlTalkCopyUITests.xctest */;
			productType = "com.apple.product-type.bundle.ui-testing";
		};
/* End PBXNativeTarget section */

/* Begin PBXProject section */
		4D01E42D209A145200FEDF07 /* Project object */ = {
			isa = PBXProject;
			attributes = {
				LastSwiftUpdateCheck = 0930;
				LastUpgradeCheck = 0930;
				ORGANIZATIONNAME = junhee;
				TargetAttributes = {
					4D01E434209A145200FEDF07 = {
						CreatedOnToolsVersion = 9.3;
					};
					4D01E448209A145200FEDF07 = {
						CreatedOnToolsVersion = 9.3;
						TestTargetID = 4D01E434209A145200FEDF07;
					};
					4D01E453209A145300FEDF07 = {
						CreatedOnToolsVersion = 9.3;
						TestTargetID = 4D01E434209A145200FEDF07;
					};
				};
			};
			buildConfigurationList = 4D01E430209A145200FEDF07 /* Build configuration list for PBXProject "HowlTalkCopy" */;
			compatibilityVersion = "Xcode 9.3";
			developmentRegion = en;
			hasScannedForEncodings = 0;
			knownRegions = (
				en,
				Base,
			);
			mainGroup = 4D01E42C209A145200FEDF07;
			productRefGroup = 4D01E436209A145200FEDF07 /* Products */;
			projectDirPath = "";
			projectRoot = "";
			targets = (
				4D01E434209A145200FEDF07 /* HowlTalkCopy */,
				4D01E448209A145200FEDF07 /* HowlTalkCopyTests */,
				4D01E453209A145300FEDF07 /* HowlTalkCopyUITests */,
			);
		};
/* End PBXProject section */

/* Begin PBXResourcesBuildPhase section */
		4D01E433209A145200FEDF07 /* Resources */ = {
			isa = PBXResourcesBuildPhase;
			buildActionMask = 2147483647;
			files = (
				4D01E443209A145200FEDF07 /* LaunchScreen.storyboard in Resources */,
				4DF8C82C209A196C008F3FDD /* RemoteConfigDefaults.plist in Resources */,
				4D01E467209A14CB00FEDF07 /* GoogleService-Info.plist in Resources */,
				4D01E440209A145200FEDF07 /* Assets.xcassets in Resources */,
				4D01E43E209A145200FEDF07 /* Main.storyboard in Resources */,
			);
			runOnlyForDeploymentPostprocessing = 0;
		};
		4D01E447209A145200FEDF07 /* Resources */ = {
			isa = PBXResourcesBuildPhase;
			buildActionMask = 2147483647;
			files = (
			);
			runOnlyForDeploymentPostprocessing = 0;
		};
		4D01E452209A145300FEDF07 /* Resources */ = {
			isa = PBXResourcesBuildPhase;
			buildActionMask = 2147483647;
			files = (
			);
			runOnlyForDeploymentPostprocessing = 0;
		};
/* End PBXResourcesBuildPhase section */

/* Begin PBXShellScriptBuildPhase section */
		80F06216BCE0316A21511331 /* [CP] Check Pods Manifest.lock */ = {
			isa = PBXShellScriptBuildPhase;
			buildActionMask = 2147483647;
			files = (
			);
			inputPaths = (
				"${PODS_PODFILE_DIR_PATH}/Podfile.lock",
				"${PODS_ROOT}/Manifest.lock",
			);
			name = "[CP] Check Pods Manifest.lock";
			outputPaths = (
				"$(DERIVED_FILE_DIR)/Pods-HowlTalkCopyTests-checkManifestLockResult.txt",
			);
			runOnlyForDeploymentPostprocessing = 0;
			shellPath = /bin/sh;
			shellScript = "diff \"${PODS_PODFILE_DIR_PATH}/Podfile.lock\" \"${PODS_ROOT}/Manifest.lock\" > /dev/null\nif [ $? != 0 ] ; then\n    # print error to STDERR\n    echo \"error: The sandbox is not in sync with the Podfile.lock. Run 'pod install' or update your CocoaPods installation.\" >&2\n    exit 1\nfi\n# This output is used by Xcode 'outputs' to avoid re-running this script phase.\necho \"SUCCESS\" > \"${SCRIPT_OUTPUT_FILE_0}\"\n";
			showEnvVarsInLog = 0;
		};
		938949C59616B27A38F5A78C /* [CP] Embed Pods Frameworks */ = {
			isa = PBXShellScriptBuildPhase;
			buildActionMask = 2147483647;
			files = (
			);
			inputPaths = (
				"${SRCROOT}/Pods/Target Support Files/Pods-HowlTalkCopy/Pods-HowlTalkCopy-frameworks.sh",
				"${BUILT_PRODUCTS_DIR}/GoogleToolboxForMac/GoogleToolboxForMac.framework",
				"${BUILT_PRODUCTS_DIR}/Protobuf/Protobuf.framework",
				"${BUILT_PRODUCTS_DIR}/SnapKit/SnapKit.framework",
				"${BUILT_PRODUCTS_DIR}/nanopb/nanopb.framework",
			);
			name = "[CP] Embed Pods Frameworks";
			outputPaths = (
				"${TARGET_BUILD_DIR}/${FRAMEWORKS_FOLDER_PATH}/GoogleToolboxForMac.framework",
				"${TARGET_BUILD_DIR}/${FRAMEWORKS_FOLDER_PATH}/Protobuf.framework",
				"${TARGET_BUILD_DIR}/${FRAMEWORKS_FOLDER_PATH}/SnapKit.framework",
				"${TARGET_BUILD_DIR}/${FRAMEWORKS_FOLDER_PATH}/nanopb.framework",
			);
			runOnlyForDeploymentPostprocessing = 0;
			shellPath = /bin/sh;
			shellScript = "\"${SRCROOT}/Pods/Target Support Files/Pods-HowlTalkCopy/Pods-HowlTalkCopy-frameworks.sh\"\n";
			showEnvVarsInLog = 0;
		};
		B22487A15EAACF7DF80114ED /* [CP] Check Pods Manifest.lock */ = {
			isa = PBXShellScriptBuildPhase;
			buildActionMask = 2147483647;
			files = (
			);
			inputPaths = (
				"${PODS_PODFILE_DIR_PATH}/Podfile.lock",
				"${PODS_ROOT}/Manifest.lock",
			);
			name = "[CP] Check Pods Manifest.lock";
			outputPaths = (
				"$(DERIVED_FILE_DIR)/Pods-HowlTalkCopy-checkManifestLockResult.txt",
			);
			runOnlyForDeploymentPostprocessing = 0;
			shellPath = /bin/sh;
			shellScript = "diff \"${PODS_PODFILE_DIR_PATH}/Podfile.lock\" \"${PODS_ROOT}/Manifest.lock\" > /dev/null\nif [ $? != 0 ] ; then\n    # print error to STDERR\n    echo \"error: The sandbox is not in sync with the Podfile.lock. Run 'pod install' or update your CocoaPods installation.\" >&2\n    exit 1\nfi\n# This output is used by Xcode 'outputs' to avoid re-running this script phase.\necho \"SUCCESS\" > \"${SCRIPT_OUTPUT_FILE_0}\"\n";
			showEnvVarsInLog = 0;
		};
		E96D9B5E6F5873FA2F013D0F /* [CP] Check Pods Manifest.lock */ = {
			isa = PBXShellScriptBuildPhase;
			buildActionMask = 2147483647;
			files = (
			);
			inputPaths = (
				"${PODS_PODFILE_DIR_PATH}/Podfile.lock",
				"${PODS_ROOT}/Manifest.lock",
			);
			name = "[CP] Check Pods Manifest.lock";
			outputPaths = (
				"$(DERIVED_FILE_DIR)/Pods-HowlTalkCopyUITests-checkManifestLockResult.txt",
			);
			runOnlyForDeploymentPostprocessing = 0;
			shellPath = /bin/sh;
			shellScript = "diff \"${PODS_PODFILE_DIR_PATH}/Podfile.lock\" \"${PODS_ROOT}/Manifest.lock\" > /dev/null\nif [ $? != 0 ] ; then\n    # print error to STDERR\n    echo \"error: The sandbox is not in sync with the Podfile.lock. Run 'pod install' or update your CocoaPods installation.\" >&2\n    exit 1\nfi\n# This output is used by Xcode 'outputs' to avoid re-running this script phase.\necho \"SUCCESS\" > \"${SCRIPT_OUTPUT_FILE_0}\"\n";
			showEnvVarsInLog = 0;
		};
/* End PBXShellScriptBuildPhase section */

/* Begin PBXSourcesBuildPhase section */
		4D01E431209A145200FEDF07 /* Sources */ = {
			isa = PBXSourcesBuildPhase;
			buildActionMask = 2147483647;
			files = (
				4D01E43B209A145200FEDF07 /* ViewController.swift in Sources */,
				4D01E439209A145200FEDF07 /* AppDelegate.swift in Sources */,
				4DF8C82A209A1844008F3FDD /* HowlTalkCopy+UIColor.swift in Sources */,
			);
			runOnlyForDeploymentPostprocessing = 0;
		};
		4D01E445209A145200FEDF07 /* Sources */ = {
			isa = PBXSourcesBuildPhase;
			buildActionMask = 2147483647;
			files = (
				4D01E44E209A145300FEDF07 /* HowlTalkCopyTests.swift in Sources */,
			);
			runOnlyForDeploymentPostprocessing = 0;
		};
		4D01E450209A145300FEDF07 /* Sources */ = {
			isa = PBXSourcesBuildPhase;
			buildActionMask = 2147483647;
			files = (
				4D01E459209A145300FEDF07 /* HowlTalkCopyUITests.swift in Sources */,
			);
			runOnlyForDeploymentPostprocessing = 0;
		};
/* End PBXSourcesBuildPhase section */

/* Begin PBXTargetDependency section */
		4D01E44B209A145200FEDF07 /* PBXTargetDependency */ = {
			isa = PBXTargetDependency;
			target = 4D01E434209A145200FEDF07 /* HowlTalkCopy */;
			targetProxy = 4D01E44A209A145200FEDF07 /* PBXContainerItemProxy */;
		};
		4D01E456209A145300FEDF07 /* PBXTargetDependency */ = {
			isa = PBXTargetDependency;
			target = 4D01E434209A145200FEDF07 /* HowlTalkCopy */;
			targetProxy = 4D01E455209A145300FEDF07 /* PBXContainerItemProxy */;
		};
/* End PBXTargetDependency section */

/* Begin PBXVariantGroup section */
		4D01E43C209A145200FEDF07 /* Main.storyboard */ = {
			isa = PBXVariantGroup;
			children = (
				4D01E43D209A145200FEDF07 /* Base */,
			);
			name = Main.storyboard;
			sourceTree = "<group>";
		};
		4D01E441209A145200FEDF07 /* LaunchScreen.storyboard */ = {
			isa = PBXVariantGroup;
			children = (
				4D01E442209A145200FEDF07 /* Base */,
			);
			name = LaunchScreen.storyboard;
			sourceTree = "<group>";
		};
/* End PBXVariantGroup section */

/* Begin XCBuildConfiguration section */
		4D01E45B209A145300FEDF07 /* Debug */ = {
			isa = XCBuildConfiguration;
			buildSettings = {
				ALWAYS_SEARCH_USER_PATHS = NO;
				CLANG_ANALYZER_NONNULL = YES;
				CLANG_ANALYZER_NUMBER_OBJECT_CONVERSION = YES_AGGRESSIVE;
				CLANG_CXX_LANGUAGE_STANDARD = "gnu++14";
				CLANG_CXX_LIBRARY = "libc++";
				CLANG_ENABLE_MODULES = YES;
				CLANG_ENABLE_OBJC_ARC = YES;
				CLANG_ENABLE_OBJC_WEAK = YES;
				CLANG_WARN_BLOCK_CAPTURE_AUTORELEASING = YES;
				CLANG_WARN_BOOL_CONVERSION = YES;
				CLANG_WARN_COMMA = YES;
				CLANG_WARN_CONSTANT_CONVERSION = YES;
				CLANG_WARN_DEPRECATED_OBJC_IMPLEMENTATIONS = YES;
				CLANG_WARN_DIRECT_OBJC_ISA_USAGE = YES_ERROR;
				CLANG_WARN_DOCUMENTATION_COMMENTS = YES;
				CLANG_WARN_EMPTY_BODY = YES;
				CLANG_WARN_ENUM_CONVERSION = YES;
				CLANG_WARN_INFINITE_RECURSION = YES;
				CLANG_WARN_INT_CONVERSION = YES;
				CLANG_WARN_NON_LITERAL_NULL_CONVERSION = YES;
				CLANG_WARN_OBJC_IMPLICIT_RETAIN_SELF = YES;
				CLANG_WARN_OBJC_LITERAL_CONVERSION = YES;
				CLANG_WARN_OBJC_ROOT_CLASS = YES_ERROR;
				CLANG_WARN_RANGE_LOOP_ANALYSIS = YES;
				CLANG_WARN_STRICT_PROTOTYPES = YES;
				CLANG_WARN_SUSPICIOUS_MOVE = YES;
				CLANG_WARN_UNGUARDED_AVAILABILITY = YES_AGGRESSIVE;
				CLANG_WARN_UNREACHABLE_CODE = YES;
				CLANG_WARN__DUPLICATE_METHOD_MATCH = YES;
				CODE_SIGN_IDENTITY = "iPhone Developer";
				COPY_PHASE_STRIP = NO;
				DEBUG_INFORMATION_FORMAT = dwarf;
				ENABLE_STRICT_OBJC_MSGSEND = YES;
				ENABLE_TESTABILITY = YES;
				GCC_C_LANGUAGE_STANDARD = gnu11;
				GCC_DYNAMIC_NO_PIC = NO;
				GCC_NO_COMMON_BLOCKS = YES;
				GCC_OPTIMIZATION_LEVEL = 0;
				GCC_PREPROCESSOR_DEFINITIONS = (
					"DEBUG=1",
					"$(inherited)",
				);
				GCC_WARN_64_TO_32_BIT_CONVERSION = YES;
				GCC_WARN_ABOUT_RETURN_TYPE = YES_ERROR;
				GCC_WARN_UNDECLARED_SELECTOR = YES;
				GCC_WARN_UNINITIALIZED_AUTOS = YES_AGGRESSIVE;
				GCC_WARN_UNUSED_FUNCTION = YES;
				GCC_WARN_UNUSED_VARIABLE = YES;
				IPHONEOS_DEPLOYMENT_TARGET = 11.3;
				MTL_ENABLE_DEBUG_INFO = YES;
				ONLY_ACTIVE_ARCH = YES;
				SDKROOT = iphoneos;
				SWIFT_ACTIVE_COMPILATION_CONDITIONS = DEBUG;
				SWIFT_OPTIMIZATION_LEVEL = "-Onone";
			};
			name = Debug;
		};
		4D01E45C209A145300FEDF07 /* Release */ = {
			isa = XCBuildConfiguration;
			buildSettings = {
				ALWAYS_SEARCH_USER_PATHS = NO;
				CLANG_ANALYZER_NONNULL = YES;
				CLANG_ANALYZER_NUMBER_OBJECT_CONVERSION = YES_AGGRESSIVE;
				CLANG_CXX_LANGUAGE_STANDARD = "gnu++14";
				CLANG_CXX_LIBRARY = "libc++";
				CLANG_ENABLE_MODULES = YES;
				CLANG_ENABLE_OBJC_ARC = YES;
				CLANG_ENABLE_OBJC_WEAK = YES;
				CLANG_WARN_BLOCK_CAPTURE_AUTORELEASING = YES;
				CLANG_WARN_BOOL_CONVERSION = YES;
				CLANG_WARN_COMMA = YES;
				CLANG_WARN_CONSTANT_CONVERSION = YES;
				CLANG_WARN_DEPRECATED_OBJC_IMPLEMENTATIONS = YES;
				CLANG_WARN_DIRECT_OBJC_ISA_USAGE = YES_ERROR;
				CLANG_WARN_DOCUMENTATION_COMMENTS = YES;
				CLANG_WARN_EMPTY_BODY = YES;
				CLANG_WARN_ENUM_CONVERSION = YES;
				CLANG_WARN_INFINITE_RECURSION = YES;
				CLANG_WARN_INT_CONVERSION = YES;
				CLANG_WARN_NON_LITERAL_NULL_CONVERSION = YES;
				CLANG_WARN_OBJC_IMPLICIT_RETAIN_SELF = YES;
				CLANG_WARN_OBJC_LITERAL_CONVERSION = YES;
				CLANG_WARN_OBJC_ROOT_CLASS = YES_ERROR;
				CLANG_WARN_RANGE_LOOP_ANALYSIS = YES;
				CLANG_WARN_STRICT_PROTOTYPES = YES;
				CLANG_WARN_SUSPICIOUS_MOVE = YES;
				CLANG_WARN_UNGUARDED_AVAILABILITY = YES_AGGRESSIVE;
				CLANG_WARN_UNREACHABLE_CODE = YES;
				CLANG_WARN__DUPLICATE_METHOD_MATCH = YES;
				CODE_SIGN_IDENTITY = "iPhone Developer";
				COPY_PHASE_STRIP = NO;
				DEBUG_INFORMATION_FORMAT = "dwarf-with-dsym";
				ENABLE_NS_ASSERTIONS = NO;
				ENABLE_STRICT_OBJC_MSGSEND = YES;
				GCC_C_LANGUAGE_STANDARD = gnu11;
				GCC_NO_COMMON_BLOCKS = YES;
				GCC_WARN_64_TO_32_BIT_CONVERSION = YES;
				GCC_WARN_ABOUT_RETURN_TYPE = YES_ERROR;
				GCC_WARN_UNDECLARED_SELECTOR = YES;
				GCC_WARN_UNINITIALIZED_AUTOS = YES_AGGRESSIVE;
				GCC_WARN_UNUSED_FUNCTION = YES;
				GCC_WARN_UNUSED_VARIABLE = YES;
				IPHONEOS_DEPLOYMENT_TARGET = 11.3;
				MTL_ENABLE_DEBUG_INFO = NO;
				SDKROOT = iphoneos;
				SWIFT_COMPILATION_MODE = wholemodule;
				SWIFT_OPTIMIZATION_LEVEL = "-O";
				VALIDATE_PRODUCT = YES;
			};
			name = Release;
		};
		4D01E45E209A145300FEDF07 /* Debug */ = {
			isa = XCBuildConfiguration;
			baseConfigurationReference = CAF2409B712259D43D80445B /* Pods-HowlTalkCopy.debug.xcconfig */;
			buildSettings = {
				ASSETCATALOG_COMPILER_APPICON_NAME = AppIcon;
				CODE_SIGN_STYLE = Automatic;
				INFOPLIST_FILE = HowlTalkCopy/Info.plist;
				LD_RUNPATH_SEARCH_PATHS = (
					"$(inherited)",
					"@executable_path/Frameworks",
				);
				PRODUCT_BUNDLE_IDENTIFIER = kr.co.junhee.HowlTalkCopy;
				PRODUCT_NAME = "$(TARGET_NAME)";
				SWIFT_VERSION = 4.0;
				TARGETED_DEVICE_FAMILY = "1,2";
			};
			name = Debug;
		};
		4D01E45F209A145300FEDF07 /* Release */ = {
			isa = XCBuildConfiguration;
			baseConfigurationReference = 551BB9205A8CFCF8C0BDC1BA /* Pods-HowlTalkCopy.release.xcconfig */;
			buildSettings = {
				ASSETCATALOG_COMPILER_APPICON_NAME = AppIcon;
				CODE_SIGN_STYLE = Automatic;
				INFOPLIST_FILE = HowlTalkCopy/Info.plist;
				LD_RUNPATH_SEARCH_PATHS = (
					"$(inherited)",
					"@executable_path/Frameworks",
				);
				PRODUCT_BUNDLE_IDENTIFIER = kr.co.junhee.HowlTalkCopy;
				PRODUCT_NAME = "$(TARGET_NAME)";
				SWIFT_VERSION = 4.0;
				TARGETED_DEVICE_FAMILY = "1,2";
			};
			name = Release;
		};
		4D01E461209A145300FEDF07 /* Debug */ = {
			isa = XCBuildConfiguration;
			baseConfigurationReference = 630D45B6CF87463B5F0968DB /* Pods-HowlTalkCopyTests.debug.xcconfig */;
			buildSettings = {
				ALWAYS_EMBED_SWIFT_STANDARD_LIBRARIES = YES;
				BUNDLE_LOADER = "$(TEST_HOST)";
				CODE_SIGN_STYLE = Automatic;
				INFOPLIST_FILE = HowlTalkCopyTests/Info.plist;
				LD_RUNPATH_SEARCH_PATHS = (
					"$(inherited)",
					"@executable_path/Frameworks",
					"@loader_path/Frameworks",
				);
				PRODUCT_BUNDLE_IDENTIFIER = kr.co.junhee.HowlTalkCopyTests;
				PRODUCT_NAME = "$(TARGET_NAME)";
				SWIFT_VERSION = 4.0;
				TARGETED_DEVICE_FAMILY = "1,2";
				TEST_HOST = "$(BUILT_PRODUCTS_DIR)/HowlTalkCopy.app/HowlTalkCopy";
			};
			name = Debug;
		};
		4D01E462209A145300FEDF07 /* Release */ = {
			isa = XCBuildConfiguration;
			baseConfigurationReference = 995D65B2542E9408E528AAC9 /* Pods-HowlTalkCopyTests.release.xcconfig */;
			buildSettings = {
				ALWAYS_EMBED_SWIFT_STANDARD_LIBRARIES = YES;
				BUNDLE_LOADER = "$(TEST_HOST)";
				CODE_SIGN_STYLE = Automatic;
				INFOPLIST_FILE = HowlTalkCopyTests/Info.plist;
				LD_RUNPATH_SEARCH_PATHS = (
					"$(inherited)",
					"@executable_path/Frameworks",
					"@loader_path/Frameworks",
				);
				PRODUCT_BUNDLE_IDENTIFIER = kr.co.junhee.HowlTalkCopyTests;
				PRODUCT_NAME = "$(TARGET_NAME)";
				SWIFT_VERSION = 4.0;
				TARGETED_DEVICE_FAMILY = "1,2";
				TEST_HOST = "$(BUILT_PRODUCTS_DIR)/HowlTalkCopy.app/HowlTalkCopy";
			};
			name = Release;
		};
		4D01E464209A145300FEDF07 /* Debug */ = {
			isa = XCBuildConfiguration;
			baseConfigurationReference = 4B5273BF0FAE0DE74A71C951 /* Pods-HowlTalkCopyUITests.debug.xcconfig */;
			buildSettings = {
				ALWAYS_EMBED_SWIFT_STANDARD_LIBRARIES = YES;
				CODE_SIGN_STYLE = Automatic;
				INFOPLIST_FILE = HowlTalkCopyUITests/Info.plist;
				LD_RUNPATH_SEARCH_PATHS = (
					"$(inherited)",
					"@executable_path/Frameworks",
					"@loader_path/Frameworks",
				);
				PRODUCT_BUNDLE_IDENTIFIER = kr.co.junhee.HowlTalkCopyUITests;
				PRODUCT_NAME = "$(TARGET_NAME)";
				SWIFT_VERSION = 4.0;
				TARGETED_DEVICE_FAMILY = "1,2";
				TEST_TARGET_NAME = HowlTalkCopy;
			};
			name = Debug;
		};
		4D01E465209A145300FEDF07 /* Release */ = {
			isa = XCBuildConfiguration;
			baseConfigurationReference = C8BBFF61389562C6FC8B1604 /* Pods-HowlTalkCopyUITests.release.xcconfig */;
			buildSettings = {
				ALWAYS_EMBED_SWIFT_STANDARD_LIBRARIES = YES;
				CODE_SIGN_STYLE = Automatic;
				INFOPLIST_FILE = HowlTalkCopyUITests/Info.plist;
				LD_RUNPATH_SEARCH_PATHS = (
					"$(inherited)",
					"@executable_path/Frameworks",
					"@loader_path/Frameworks",
				);
				PRODUCT_BUNDLE_IDENTIFIER = kr.co.junhee.HowlTalkCopyUITests;
				PRODUCT_NAME = "$(TARGET_NAME)";
				SWIFT_VERSION = 4.0;
				TARGETED_DEVICE_FAMILY = "1,2";
				TEST_TARGET_NAME = HowlTalkCopy;
			};
			name = Release;
		};
/* End XCBuildConfiguration section */

/* Begin XCConfigurationList section */
		4D01E430209A145200FEDF07 /* Build configuration list for PBXProject "HowlTalkCopy" */ = {
			isa = XCConfigurationList;
			buildConfigurations = (
				4D01E45B209A145300FEDF07 /* Debug */,
				4D01E45C209A145300FEDF07 /* Release */,
			);
			defaultConfigurationIsVisible = 0;
			defaultConfigurationName = Release;
		};
		4D01E45D209A145300FEDF07 /* Build configuration list for PBXNativeTarget "HowlTalkCopy" */ = {
			isa = XCConfigurationList;
			buildConfigurations = (
				4D01E45E209A145300FEDF07 /* Debug */,
				4D01E45F209A145300FEDF07 /* Release */,
			);
			defaultConfigurationIsVisible = 0;
			defaultConfigurationName = Release;
		};
		4D01E460209A145300FEDF07 /* Build configuration list for PBXNativeTarget "HowlTalkCopyTests" */ = {
			isa = XCConfigurationList;
			buildConfigurations = (
				4D01E461209A145300FEDF07 /* Debug */,
				4D01E462209A145300FEDF07 /* Release */,
			);
			defaultConfigurationIsVisible = 0;
			defaultConfigurationName = Release;
		};
		4D01E463209A145300FEDF07 /* Build configuration list for PBXNativeTarget "HowlTalkCopyUITests" */ = {
			isa = XCConfigurationList;
			buildConfigurations = (
				4D01E464209A145300FEDF07 /* Debug */,
				4D01E465209A145300FEDF07 /* Release */,
			);
			defaultConfigurationIsVisible = 0;
			defaultConfigurationName = Release;
		};
/* End XCConfigurationList section */
	};
	rootObject = 4D01E42D209A145200FEDF07 /* Project object */;
}
